// !$*UTF8*$!
{
	archiveVersion = 1;
	classes = {
	};
	objectVersion = 56;
	objects = {

/* Begin PBXBuildFile section */
		6E889F38293FED5800EE68F5 /* GenreView.swift in Sources */ = {isa = PBXBuildFile; fileRef = 6E889F37293FED5800EE68F5 /* GenreView.swift */; };
		6E889F3C2942AED700EE68F5 /* ShowDetailedView.swift in Sources */ = {isa = PBXBuildFile; fileRef = 6E889F3B2942AED700EE68F5 /* ShowDetailedView.swift */; };
		6EAC8DAC2934E625007D96CB /* jobsity_challengeApp.swift in Sources */ = {isa = PBXBuildFile; fileRef = 6EAC8DAB2934E625007D96CB /* jobsity_challengeApp.swift */; };
		6EAC8DAE2934E625007D96CB /* Persistence.swift in Sources */ = {isa = PBXBuildFile; fileRef = 6EAC8DAD2934E625007D96CB /* Persistence.swift */; };
		6EAC8DB12934E625007D96CB /* jobsity_challenge.xcdatamodeld in Sources */ = {isa = PBXBuildFile; fileRef = 6EAC8DAF2934E625007D96CB /* jobsity_challenge.xcdatamodeld */; };
		6EAC8DB32934E625007D96CB /* ContentView.swift in Sources */ = {isa = PBXBuildFile; fileRef = 6EAC8DB22934E625007D96CB /* ContentView.swift */; };
		6EAC8DB52934E627007D96CB /* Assets.xcassets in Resources */ = {isa = PBXBuildFile; fileRef = 6EAC8DB42934E627007D96CB /* Assets.xcassets */; };
		6EAC8DB92934E627007D96CB /* Preview Assets.xcassets in Resources */ = {isa = PBXBuildFile; fileRef = 6EAC8DB82934E627007D96CB /* Preview Assets.xcassets */; };
		6EAC8DC92936B33C007D96CB /* ShowModels.swift in Sources */ = {isa = PBXBuildFile; fileRef = 6EAC8DC82936B33C007D96CB /* ShowModels.swift */; };
		6EAC8DCB2936E081007D96CB /* CastModels.swift in Sources */ = {isa = PBXBuildFile; fileRef = 6EAC8DCA2936E081007D96CB /* CastModels.swift */; };
		6EAC8DCD29380512007D96CB /* ShowViewModel.swift in Sources */ = {isa = PBXBuildFile; fileRef = 6EAC8DCC29380512007D96CB /* ShowViewModel.swift */; };
		6EAC8DCF2938DDAF007D96CB /* MainViewS.swift in Sources */ = {isa = PBXBuildFile; fileRef = 6EAC8DCE2938DDAF007D96CB /* MainViewS.swift */; };
		6EAC8DD12938DF0D007D96CB /* CastViewModel.swift in Sources */ = {isa = PBXBuildFile; fileRef = 6EAC8DD02938DF0D007D96CB /* CastViewModel.swift */; };
		6EAC8DD52939045B007D96CB /* ShowButtonView.swift in Sources */ = {isa = PBXBuildFile; fileRef = 6EAC8DD42939045B007D96CB /* ShowButtonView.swift */; };
/* End PBXBuildFile section */

/* Begin PBXFileReference section */
		6E889F37293FED5800EE68F5 /* GenreView.swift */ = {isa = PBXFileReference; lastKnownFileType = sourcecode.swift; path = GenreView.swift; sourceTree = "<group>"; };
		6E889F3B2942AED700EE68F5 /* ShowDetailedView.swift */ = {isa = PBXFileReference; lastKnownFileType = sourcecode.swift; path = ShowDetailedView.swift; sourceTree = "<group>"; };
		6EAC8DA82934E625007D96CB /* jobsity challenge.app */ = {isa = PBXFileReference; explicitFileType = wrapper.application; includeInIndex = 0; path = "jobsity challenge.app"; sourceTree = BUILT_PRODUCTS_DIR; };
		6EAC8DAB2934E625007D96CB /* jobsity_challengeApp.swift */ = {isa = PBXFileReference; lastKnownFileType = sourcecode.swift; path = jobsity_challengeApp.swift; sourceTree = "<group>"; };
		6EAC8DAD2934E625007D96CB /* Persistence.swift */ = {isa = PBXFileReference; lastKnownFileType = sourcecode.swift; path = Persistence.swift; sourceTree = "<group>"; };
		6EAC8DB02934E625007D96CB /* jobsity_challenge.xcdatamodel */ = {isa = PBXFileReference; lastKnownFileType = wrapper.xcdatamodel; path = jobsity_challenge.xcdatamodel; sourceTree = "<group>"; };
		6EAC8DB22934E625007D96CB /* ContentView.swift */ = {isa = PBXFileReference; lastKnownFileType = sourcecode.swift; path = ContentView.swift; sourceTree = "<group>"; };
		6EAC8DB42934E627007D96CB /* Assets.xcassets */ = {isa = PBXFileReference; lastKnownFileType = folder.assetcatalog; path = Assets.xcassets; sourceTree = "<group>"; };
		6EAC8DB62934E627007D96CB /* jobsity_challenge.entitlements */ = {isa = PBXFileReference; lastKnownFileType = text.plist.entitlements; path = jobsity_challenge.entitlements; sourceTree = "<group>"; };
		6EAC8DB82934E627007D96CB /* Preview Assets.xcassets */ = {isa = PBXFileReference; lastKnownFileType = folder.assetcatalog; path = "Preview Assets.xcassets"; sourceTree = "<group>"; };
		6EAC8DC82936B33C007D96CB /* ShowModels.swift */ = {isa = PBXFileReference; lastKnownFileType = sourcecode.swift; path = ShowModels.swift; sourceTree = "<group>"; };
		6EAC8DCA2936E081007D96CB /* CastModels.swift */ = {isa = PBXFileReference; lastKnownFileType = sourcecode.swift; path = CastModels.swift; sourceTree = "<group>"; };
		6EAC8DCC29380512007D96CB /* ShowViewModel.swift */ = {isa = PBXFileReference; lastKnownFileType = sourcecode.swift; path = ShowViewModel.swift; sourceTree = "<group>"; };
		6EAC8DCE2938DDAF007D96CB /* MainViewS.swift */ = {isa = PBXFileReference; lastKnownFileType = sourcecode.swift; path = MainViewS.swift; sourceTree = "<group>"; };
		6EAC8DD02938DF0D007D96CB /* CastViewModel.swift */ = {isa = PBXFileReference; lastKnownFileType = sourcecode.swift; path = CastViewModel.swift; sourceTree = "<group>"; };
		6EAC8DD42939045B007D96CB /* ShowButtonView.swift */ = {isa = PBXFileReference; lastKnownFileType = sourcecode.swift; path = ShowButtonView.swift; sourceTree = "<group>"; };
/* End PBXFileReference section */

/* Begin PBXFrameworksBuildPhase section */
		6EAC8DA52934E625007D96CB /* Frameworks */ = {
			isa = PBXFrameworksBuildPhase;
			buildActionMask = 2147483647;
			files = (
			);
			runOnlyForDeploymentPostprocessing = 0;
		};
/* End PBXFrameworksBuildPhase section */

/* Begin PBXGroup section */
		6EAC8D9F2934E625007D96CB = {
			isa = PBXGroup;
			children = (
				6EAC8DAA2934E625007D96CB /* jobsity challenge */,
				6EAC8DA92934E625007D96CB /* Products */,
			);
			sourceTree = "<group>";
		};
		6EAC8DA92934E625007D96CB /* Products */ = {
			isa = PBXGroup;
			children = (
				6EAC8DA82934E625007D96CB /* jobsity challenge.app */,
			);
			name = Products;
			sourceTree = "<group>";
		};
		6EAC8DAA2934E625007D96CB /* jobsity challenge */ = {
			isa = PBXGroup;
			children = (
				6EAC8DAB2934E625007D96CB /* jobsity_challengeApp.swift */,
				6EAC8DAD2934E625007D96CB /* Persistence.swift */,
				6EAC8DB22934E625007D96CB /* ContentView.swift */,
				6EAC8DBF2935BD99007D96CB /* Views */,
				6EAC8DC72935C0ED007D96CB /* ViewModels */,
				6EAC8DC32935BF82007D96CB /* Models */,
				6EAC8DB42934E627007D96CB /* Assets.xcassets */,
				6EAC8DB62934E627007D96CB /* jobsity_challenge.entitlements */,
				6EAC8DAF2934E625007D96CB /* jobsity_challenge.xcdatamodeld */,
				6EAC8DB72934E627007D96CB /* Preview Content */,
			);
			path = "jobsity challenge";
			sourceTree = "<group>";
		};
		6EAC8DB72934E627007D96CB /* Preview Content */ = {
			isa = PBXGroup;
			children = (
				6EAC8DB82934E627007D96CB /* Preview Assets.xcassets */,
			);
			path = "Preview Content";
			sourceTree = "<group>";
		};
		6EAC8DBF2935BD99007D96CB /* Views */ = {
			isa = PBXGroup;
			children = (
				6EAC8DCE2938DDAF007D96CB /* MainViewS.swift */,
				6EAC8DD42939045B007D96CB /* ShowButtonView.swift */,
				6E889F3B2942AED700EE68F5 /* ShowDetailedView.swift */,
				6E889F37293FED5800EE68F5 /* GenreView.swift */,
			);
			path = Views;
			sourceTree = "<group>";
		};
		6EAC8DC32935BF82007D96CB /* Models */ = {
			isa = PBXGroup;
			children = (
				6EAC8DC82936B33C007D96CB /* ShowModels.swift */,
				6EAC8DCA2936E081007D96CB /* CastModels.swift */,
			);
			path = Models;
			sourceTree = "<group>";
		};
		6EAC8DC72935C0ED007D96CB /* ViewModels */ = {
			isa = PBXGroup;
			children = (
				6EAC8DCC29380512007D96CB /* ShowViewModel.swift */,
				6EAC8DD02938DF0D007D96CB /* CastViewModel.swift */,
			);
			path = ViewModels;
			sourceTree = "<group>";
		};
/* End PBXGroup section */

/* Begin PBXNativeTarget section */
		6EAC8DA72934E625007D96CB /* jobsity challenge */ = {
			isa = PBXNativeTarget;
			buildConfigurationList = 6EAC8DBC2934E627007D96CB /* Build configuration list for PBXNativeTarget "jobsity challenge" */;
			buildPhases = (
				6EAC8DA42934E625007D96CB /* Sources */,
				6EAC8DA52934E625007D96CB /* Frameworks */,
				6EAC8DA62934E625007D96CB /* Resources */,
			);
			buildRules = (
			);
			dependencies = (
			);
			name = "jobsity challenge";
			productName = "jobsity challenge";
			productReference = 6EAC8DA82934E625007D96CB /* jobsity challenge.app */;
			productType = "com.apple.product-type.application";
		};
/* End PBXNativeTarget section */

/* Begin PBXProject section */
		6EAC8DA02934E625007D96CB /* Project object */ = {
			isa = PBXProject;
			attributes = {
				BuildIndependentTargetsInParallel = 1;
				LastSwiftUpdateCheck = 1410;
				LastUpgradeCheck = 1410;
				TargetAttributes = {
					6EAC8DA72934E625007D96CB = {
						CreatedOnToolsVersion = 14.1;
					};
				};
			};
			buildConfigurationList = 6EAC8DA32934E625007D96CB /* Build configuration list for PBXProject "jobsity challenge" */;
			compatibilityVersion = "Xcode 14.0";
			developmentRegion = en;
			hasScannedForEncodings = 0;
			knownRegions = (
				en,
				Base,
			);
			mainGroup = 6EAC8D9F2934E625007D96CB;
			productRefGroup = 6EAC8DA92934E625007D96CB /* Products */;
			projectDirPath = "";
			projectRoot = "";
			targets = (
				6EAC8DA72934E625007D96CB /* jobsity challenge */,
			);
		};
/* End PBXProject section */

/* Begin PBXResourcesBuildPhase section */
		6EAC8DA62934E625007D96CB /* Resources */ = {
			isa = PBXResourcesBuildPhase;
			buildActionMask = 2147483647;
			files = (
				6EAC8DB92934E627007D96CB /* Preview Assets.xcassets in Resources */,
				6EAC8DB52934E627007D96CB /* Assets.xcassets in Resources */,
			);
			runOnlyForDeploymentPostprocessing = 0;
		};
/* End PBXResourcesBuildPhase section */

/* Begin PBXSourcesBuildPhase section */
		6EAC8DA42934E625007D96CB /* Sources */ = {
			isa = PBXSourcesBuildPhase;
			buildActionMask = 2147483647;
			files = (
				6EAC8DB12934E625007D96CB /* jobsity_challenge.xcdatamodeld in Sources */,
				6E889F3C2942AED700EE68F5 /* ShowDetailedView.swift in Sources */,
				6EAC8DD12938DF0D007D96CB /* CastViewModel.swift in Sources */,
				6EAC8DAC2934E625007D96CB /* jobsity_challengeApp.swift in Sources */,
				6EAC8DCB2936E081007D96CB /* CastModels.swift in Sources */,
				6EAC8DC92936B33C007D96CB /* ShowModels.swift in Sources */,
				6EAC8DD52939045B007D96CB /* ShowButtonView.swift in Sources */,
				6EAC8DCD29380512007D96CB /* ShowViewModel.swift in Sources */,
				6EAC8DCF2938DDAF007D96CB /* MainViewS.swift in Sources */,
				6EAC8DB32934E625007D96CB /* ContentView.swift in Sources */,
				6EAC8DAE2934E625007D96CB /* Persistence.swift in Sources */,
				6E889F38293FED5800EE68F5 /* GenreView.swift in Sources */,
			);
			runOnlyForDeploymentPostprocessing = 0;
		};
/* End PBXSourcesBuildPhase section */

/* Begin XCBuildConfiguration section */
		6EAC8DBA2934E627007D96CB /* Debug */ = {
			isa = XCBuildConfiguration;
			buildSettings = {
				ALWAYS_SEARCH_USER_PATHS = NO;
				CLANG_ANALYZER_NONNULL = YES;
				CLANG_ANALYZER_NUMBER_OBJECT_CONVERSION = YES_AGGRESSIVE;
				CLANG_CXX_LANGUAGE_STANDARD = "gnu++20";
				CLANG_ENABLE_MODULES = YES;
				CLANG_ENABLE_OBJC_ARC = YES;
				CLANG_ENABLE_OBJC_WEAK = YES;
				CLANG_WARN_BLOCK_CAPTURE_AUTORELEASING = YES;
				CLANG_WARN_BOOL_CONVERSION = YES;
				CLANG_WARN_COMMA = YES;
				CLANG_WARN_CONSTANT_CONVERSION = YES;
				CLANG_WARN_DEPRECATED_OBJC_IMPLEMENTATIONS = YES;
				CLANG_WARN_DIRECT_OBJC_ISA_USAGE = YES_ERROR;
				CLANG_WARN_DOCUMENTATION_COMMENTS = YES;
				CLANG_WARN_EMPTY_BODY = YES;
				CLANG_WARN_ENUM_CONVERSION = YES;
				CLANG_WARN_INFINITE_RECURSION = YES;
				CLANG_WARN_INT_CONVERSION = YES;
				CLANG_WARN_NON_LITERAL_NULL_CONVERSION = YES;
				CLANG_WARN_OBJC_IMPLICIT_RETAIN_SELF = YES;
				CLANG_WARN_OBJC_LITERAL_CONVERSION = YES;
				CLANG_WARN_OBJC_ROOT_CLASS = YES_ERROR;
				CLANG_WARN_QUOTED_INCLUDE_IN_FRAMEWORK_HEADER = YES;
				CLANG_WARN_RANGE_LOOP_ANALYSIS = YES;
				CLANG_WARN_STRICT_PROTOTYPES = YES;
				CLANG_WARN_SUSPICIOUS_MOVE = YES;
				CLANG_WARN_UNGUARDED_AVAILABILITY = YES_AGGRESSIVE;
				CLANG_WARN_UNREACHABLE_CODE = YES;
				CLANG_WARN__DUPLICATE_METHOD_MATCH = YES;
				COPY_PHASE_STRIP = NO;
				DEBUG_INFORMATION_FORMAT = dwarf;
				ENABLE_STRICT_OBJC_MSGSEND = YES;
				ENABLE_TESTABILITY = YES;
				GCC_C_LANGUAGE_STANDARD = gnu11;
				GCC_DYNAMIC_NO_PIC = NO;
				GCC_NO_COMMON_BLOCKS = YES;
				GCC_OPTIMIZATION_LEVEL = 0;
				GCC_PREPROCESSOR_DEFINITIONS = (
					"DEBUG=1",
					"$(inherited)",
				);
				GCC_WARN_64_TO_32_BIT_CONVERSION = YES;
				GCC_WARN_ABOUT_RETURN_TYPE = YES_ERROR;
				GCC_WARN_UNDECLARED_SELECTOR = YES;
				GCC_WARN_UNINITIALIZED_AUTOS = YES_AGGRESSIVE;
				GCC_WARN_UNUSED_FUNCTION = YES;
				GCC_WARN_UNUSED_VARIABLE = YES;
				MTL_ENABLE_DEBUG_INFO = INCLUDE_SOURCE;
				MTL_FAST_MATH = YES;
				ONLY_ACTIVE_ARCH = YES;
				SWIFT_ACTIVE_COMPILATION_CONDITIONS = DEBUG;
				SWIFT_OPTIMIZATION_LEVEL = "-Onone";
			};
			name = Debug;
		};
		6EAC8DBB2934E627007D96CB /* Release */ = {
			isa = XCBuildConfiguration;
			buildSettings = {
				ALWAYS_SEARCH_USER_PATHS = NO;
				CLANG_ANALYZER_NONNULL = YES;
				CLANG_ANALYZER_NUMBER_OBJECT_CONVERSION = YES_AGGRESSIVE;
				CLANG_CXX_LANGUAGE_STANDARD = "gnu++20";
				CLANG_ENABLE_MODULES = YES;
				CLANG_ENABLE_OBJC_ARC = YES;
				CLANG_ENABLE_OBJC_WEAK = YES;
				CLANG_WARN_BLOCK_CAPTURE_AUTORELEASING = YES;
				CLANG_WARN_BOOL_CONVERSION = YES;
				CLANG_WARN_COMMA = YES;
				CLANG_WARN_CONSTANT_CONVERSION = YES;
				CLANG_WARN_DEPRECATED_OBJC_IMPLEMENTATIONS = YES;
				CLANG_WARN_DIRECT_OBJC_ISA_USAGE = YES_ERROR;
				CLANG_WARN_DOCUMENTATION_COMMENTS = YES;
				CLANG_WARN_EMPTY_BODY = YES;
				CLANG_WARN_ENUM_CONVERSION = YES;
				CLANG_WARN_INFINITE_RECURSION = YES;
				CLANG_WARN_INT_CONVERSION = YES;
				CLANG_WARN_NON_LITERAL_NULL_CONVERSION = YES;
				CLANG_WARN_OBJC_IMPLICIT_RETAIN_SELF = YES;
				CLANG_WARN_OBJC_LITERAL_CONVERSION = YES;
				CLANG_WARN_OBJC_ROOT_CLASS = YES_ERROR;
				CLANG_WARN_QUOTED_INCLUDE_IN_FRAMEWORK_HEADER = YES;
				CLANG_WARN_RANGE_LOOP_ANALYSIS = YES;
				CLANG_WARN_STRICT_PROTOTYPES = YES;
				CLANG_WARN_SUSPICIOUS_MOVE = YES;
				CLANG_WARN_UNGUARDED_AVAILABILITY = YES_AGGRESSIVE;
				CLANG_WARN_UNREACHABLE_CODE = YES;
				CLANG_WARN__DUPLICATE_METHOD_MATCH = YES;
				COPY_PHASE_STRIP = NO;
				DEBUG_INFORMATION_FORMAT = "dwarf-with-dsym";
				ENABLE_NS_ASSERTIONS = NO;
				ENABLE_STRICT_OBJC_MSGSEND = YES;
				GCC_C_LANGUAGE_STANDARD = gnu11;
				GCC_NO_COMMON_BLOCKS = YES;
				GCC_WARN_64_TO_32_BIT_CONVERSION = YES;
				GCC_WARN_ABOUT_RETURN_TYPE = YES_ERROR;
				GCC_WARN_UNDECLARED_SELECTOR = YES;
				GCC_WARN_UNINITIALIZED_AUTOS = YES_AGGRESSIVE;
				GCC_WARN_UNUSED_FUNCTION = YES;
				GCC_WARN_UNUSED_VARIABLE = YES;
				MTL_ENABLE_DEBUG_INFO = NO;
				MTL_FAST_MATH = YES;
				SWIFT_COMPILATION_MODE = wholemodule;
				SWIFT_OPTIMIZATION_LEVEL = "-O";
			};
			name = Release;
		};
		6EAC8DBD2934E627007D96CB /* Debug */ = {
			isa = XCBuildConfiguration;
			buildSettings = {
				ASSETCATALOG_COMPILER_APPICON_NAME = AppIcon;
				ASSETCATALOG_COMPILER_GLOBAL_ACCENT_COLOR_NAME = AccentColor;
				CODE_SIGN_ENTITLEMENTS = "jobsity challenge/jobsity_challenge.entitlements";
				CODE_SIGN_STYLE = Automatic;
				CURRENT_PROJECT_VERSION = 1;
				DEVELOPMENT_ASSET_PATHS = "\"jobsity challenge/Preview Content\"";
				DEVELOPMENT_TEAM = 35HR7V9J3R;
				ENABLE_HARDENED_RUNTIME = YES;
				ENABLE_PREVIEWS = YES;
				GENERATE_INFOPLIST_FILE = YES;
				"INFOPLIST_KEY_UIApplicationSceneManifest_Generation[sdk=iphoneos*]" = YES;
				"INFOPLIST_KEY_UIApplicationSceneManifest_Generation[sdk=iphonesimulator*]" = YES;
				"INFOPLIST_KEY_UIApplicationSupportsIndirectInputEvents[sdk=iphoneos*]" = YES;
				"INFOPLIST_KEY_UIApplicationSupportsIndirectInputEvents[sdk=iphonesimulator*]" = YES;
				"INFOPLIST_KEY_UILaunchScreen_Generation[sdk=iphoneos*]" = YES;
				"INFOPLIST_KEY_UILaunchScreen_Generation[sdk=iphonesimulator*]" = YES;
				"INFOPLIST_KEY_UIStatusBarStyle[sdk=iphoneos*]" = UIStatusBarStyleDefault;
				"INFOPLIST_KEY_UIStatusBarStyle[sdk=iphonesimulator*]" = UIStatusBarStyleDefault;
				INFOPLIST_KEY_UISupportedInterfaceOrientations_iPad = "UIInterfaceOrientationPortrait UIInterfaceOrientationPortraitUpsideDown UIInterfaceOrientationLandscapeLeft UIInterfaceOrientationLandscapeRight";
				INFOPLIST_KEY_UISupportedInterfaceOrientations_iPhone = "UIInterfaceOrientationPortrait UIInterfaceOrientationLandscapeLeft UIInterfaceOrientationLandscapeRight";
				IPHONEOS_DEPLOYMENT_TARGET = 16.1;
				LD_RUNPATH_SEARCH_PATHS = "@executable_path/Frameworks";
				"LD_RUNPATH_SEARCH_PATHS[sdk=macosx*]" = "@executable_path/../Frameworks";
				MACOSX_DEPLOYMENT_TARGET = 13.0;
				MARKETING_VERSION = 1.0;
				PRODUCT_BUNDLE_IDENTIFIER = "SwiftWay.jobsity-challenge";
				PRODUCT_NAME = "$(TARGET_NAME)";
				SDKROOT = auto;
				SUPPORTED_PLATFORMS = "iphoneos iphonesimulator macosx";
				SWIFT_EMIT_LOC_STRINGS = YES;
				SWIFT_VERSION = 5.0;
				TARGETED_DEVICE_FAMILY = "1,2";
			};
			name = Debug;
		};
		6EAC8DBE2934E627007D96CB /* Release */ = {
			isa = XCBuildConfiguration;
			buildSettings = {
				ASSETCATALOG_COMPILER_APPICON_NAME = AppIcon;
				ASSETCATALOG_COMPILER_GLOBAL_ACCENT_COLOR_NAME = AccentColor;
				CODE_SIGN_ENTITLEMENTS = "jobsity challenge/jobsity_challenge.entitlements";
				CODE_SIGN_STYLE = Automatic;
				CURRENT_PROJECT_VERSION = 1;
				DEVELOPMENT_ASSET_PATHS = "\"jobsity challenge/Preview Content\"";
				DEVELOPMENT_TEAM = 35HR7V9J3R;
				ENABLE_HARDENED_RUNTIME = YES;
				ENABLE_PREVIEWS = YES;
				GENERATE_INFOPLIST_FILE = YES;
				"INFOPLIST_KEY_UIApplicationSceneManifest_Generation[sdk=iphoneos*]" = YES;
				"INFOPLIST_KEY_UIApplicationSceneManifest_Generation[sdk=iphonesimulator*]" = YES;
				"INFOPLIST_KEY_UIApplicationSupportsIndirectInputEvents[sdk=iphoneos*]" = YES;
				"INFOPLIST_KEY_UIApplicationSupportsIndirectInputEvents[sdk=iphonesimulator*]" = YES;
				"INFOPLIST_KEY_UILaunchScreen_Generation[sdk=iphoneos*]" = YES;
				"INFOPLIST_KEY_UILaunchScreen_Generation[sdk=iphonesimulator*]" = YES;
				"INFOPLIST_KEY_UIStatusBarStyle[sdk=iphoneos*]" = UIStatusBarStyleDefault;
				"INFOPLIST_KEY_UIStatusBarStyle[sdk=iphonesimulator*]" = UIStatusBarStyleDefault;
				INFOPLIST_KEY_UISupportedInterfaceOrientations_iPad = "UIInterfaceOrientationPortrait UIInterfaceOrientationPortraitUpsideDown UIInterfaceOrientationLandscapeLeft UIInterfaceOrientationLandscapeRight";
				INFOPLIST_KEY_UISupportedInterfaceOrientations_iPhone = "UIInterfaceOrientationPortrait UIInterfaceOrientationLandscapeLeft UIInterfaceOrientationLandscapeRight";
				IPHONEOS_DEPLOYMENT_TARGET = 16.1;
				LD_RUNPATH_SEARCH_PATHS = "@executable_path/Frameworks";
				"LD_RUNPATH_SEARCH_PATHS[sdk=macosx*]" = "@executable_path/../Frameworks";
				MACOSX_DEPLOYMENT_TARGET = 13.0;
				MARKETING_VERSION = 1.0;
				PRODUCT_BUNDLE_IDENTIFIER = "SwiftWay.jobsity-challenge";
				PRODUCT_NAME = "$(TARGET_NAME)";
				SDKROOT = auto;
				SUPPORTED_PLATFORMS = "iphoneos iphonesimulator macosx";
				SWIFT_EMIT_LOC_STRINGS = YES;
				SWIFT_VERSION = 5.0;
				TARGETED_DEVICE_FAMILY = "1,2";
			};
			name = Release;
		};
/* End XCBuildConfiguration section */

/* Begin XCConfigurationList section */
		6EAC8DA32934E625007D96CB /* Build configuration list for PBXProject "jobsity challenge" */ = {
			isa = XCConfigurationList;
			buildConfigurations = (
				6EAC8DBA2934E627007D96CB /* Debug */,
				6EAC8DBB2934E627007D96CB /* Release */,
			);
			defaultConfigurationIsVisible = 0;
			defaultConfigurationName = Release;
		};
		6EAC8DBC2934E627007D96CB /* Build configuration list for PBXNativeTarget "jobsity challenge" */ = {
			isa = XCConfigurationList;
			buildConfigurations = (
				6EAC8DBD2934E627007D96CB /* Debug */,
				6EAC8DBE2934E627007D96CB /* Release */,
			);
			defaultConfigurationIsVisible = 0;
			defaultConfigurationName = Release;
		};
/* End XCConfigurationList section */

/* Begin XCVersionGroup section */
		6EAC8DAF2934E625007D96CB /* jobsity_challenge.xcdatamodeld */ = {
			isa = XCVersionGroup;
			children = (
				6EAC8DB02934E625007D96CB /* jobsity_challenge.xcdatamodel */,
			);
			currentVersion = 6EAC8DB02934E625007D96CB /* jobsity_challenge.xcdatamodel */;
			path = jobsity_challenge.xcdatamodeld;
			sourceTree = "<group>";
			versionGroupType = wrapper.xcdatamodel;
		};
/* End XCVersionGroup section */
	};
	rootObject = 6EAC8DA02934E625007D96CB /* Project object */;
}
